
Microsoft Visual Studio Solution File, Format Version 12.00
# Visual Studio 2013
VisualStudioVersion = 12.0.21005.1
MinimumVisualStudioVersion = 10.0.40219.1
Project("{FAE04EC0-301F-11D3-BF4B-00C04F79EFBC}") = "FarFetched.AzureWorkflow.Core", "FarFetched.AzureWorkflow\FarFetched.AzureWorkflow.Core.csproj", "{3F439EEA-37B3-4E59-9556-AF13886F9E19}"
EndProject
Project("{2150E333-8FDC-42A3-9474-1A3956D46DE8}") = "Tests", "Tests", "{51EE122A-A5BC-45D2-B8D9-947F85DEFA26}"
EndProject
Project("{FAE04EC0-301F-11D3-BF4B-00C04F79EFBC}") = "FarFetched.AzureWorkflow.Tests", "FarFetched.AzureWorkflow.Tests\FarFetched.AzureWorkflow.Tests.csproj", "{FA63FA15-5172-4A15-9550-2AE0CFF75D98}"
EndProject
Project("{2150E333-8FDC-42A3-9474-1A3956D46DE8}") = "Examples", "Examples", "{F0A8310F-501E-4C55-98B4-725DE7A948DD}"
EndProject
Project("{FAE04EC0-301F-11D3-BF4B-00C04F79EFBC}") = "FarFetched.Workflow.Demo", "FarFetched.Workflow.Demo\FarFetched.Workflow.Demo.csproj", "{3A749757-837A-46A9-84AF-8F42EF14A9C0}"
EndProject
Global
	GlobalSection(SolutionConfigurationPlatforms) = preSolution
		Debug|Any CPU = Debug|Any CPU
		Release|Any CPU = Release|Any CPU
	EndGlobalSection
	GlobalSection(ProjectConfigurationPlatforms) = postSolution
		{3F439EEA-37B3-4E59-9556-AF13886F9E19}.Debug|Any CPU.ActiveCfg = Debug|Any CPU
		{3F439EEA-37B3-4E59-9556-AF13886F9E19}.Debug|Any CPU.Build.0 = Debug|Any CPU
		{3F439EEA-37B3-4E59-9556-AF13886F9E19}.Release|Any CPU.ActiveCfg = Release|Any CPU
		{3F439EEA-37B3-4E59-9556-AF13886F9E19}.Release|Any CPU.Build.0 = Release|Any CPU
		{FA63FA15-5172-4A15-9550-2AE0CFF75D98}.Debug|Any CPU.ActiveCfg = Debug|Any CPU
		{FA63FA15-5172-4A15-9550-2AE0CFF75D98}.Debug|Any CPU.Build.0 = Debug|Any CPU
		{FA63FA15-5172-4A15-9550-2AE0CFF75D98}.Release|Any CPU.ActiveCfg = Release|Any CPU
		{FA63FA15-5172-4A15-9550-2AE0CFF75D98}.Release|Any CPU.Build.0 = Release|Any CPU
		{3A749757-837A-46A9-84AF-8F42EF14A9C0}.Debug|Any CPU.ActiveCfg = Debug|Any CPU
		{3A749757-837A-46A9-84AF-8F42EF14A9C0}.Debug|Any CPU.Build.0 = Debug|Any CPU
		{3A749757-837A-46A9-84AF-8F42EF14A9C0}.Release|Any CPU.ActiveCfg = Release|Any CPU
		{3A749757-837A-46A9-84AF-8F42EF14A9C0}.Release|Any CPU.Build.0 = Release|Any CPU
	EndGlobalSection
	GlobalSection(SolutionProperties) = preSolution
		HideSolutionNode = FALSE
	EndGlobalSection
	GlobalSection(NestedProjects) = preSolution
		{FA63FA15-5172-4A15-9550-2AE0CFF75D98} = {51EE122A-A5BC-45D2-B8D9-947F85DEFA26}
		{3A749757-837A-46A9-84AF-8F42EF14A9C0} = {F0A8310F-501E-4C55-98B4-725DE7A948DD}
	EndGlobalSection
EndGlobal
